
Microsoft Visual Studio Solution File, Format Version 12.00
# Visual Studio Version 16
VisualStudioVersion = 16.0.29324.140
MinimumVisualStudioVersion = 10.0.40219.1
Project("{9A19103F-16F7-4668-BE54-9A1E7A4F7556}") = "ConsoleApp1", "ConsoleApp1\ConsoleApp1.csproj", "{ABE4ED47-CB9F-4183-9CE3-65E3E521BE2A}"
EndProject
Project("{9A19103F-16F7-4668-BE54-9A1E7A4F7556}") = "CPF", "CPF\CPF.csproj", "{5C1E41FD-FD6B-4107-B429-1DB7BD5C37D5}"
EndProject
Project("{9A19103F-16F7-4668-BE54-9A1E7A4F7556}") = "CPF.Windows", "CPF.Windows\CPF.Windows.csproj", "{47EB9FE8-4BAA-4789-ADBE-4D589DDED35D}"
EndProject
Project("{9A19103F-16F7-4668-BE54-9A1E7A4F7556}") = "CPF.Skia", "CPF.Skia\CPF.Skia.csproj", "{E6495F31-7937-4A69-A915-834BFA1A031F}"
EndProject
Project("{FAE04EC0-301F-11D3-BF4B-00C04F79EFBC}") = "WindowsFormsApp1", "WindowsFormsApp1\WindowsFormsApp1.csproj", "{2C544909-EAB9-43F8-85B0-C04E2453289E}"
EndProject
Project("{9A19103F-16F7-4668-BE54-9A1E7A4F7556}") = "CPF.Mac", "CPF.Mac\CPF.Mac.csproj", "{C63692AB-1CA6-4416-AB5C-9D71D1E3FC66}"
EndProject
Project("{FAE04EC0-301F-11D3-BF4B-00C04F79EFBC}") = "CPFProjectTemplate", "CPFProjectTemplate\CPFProjectTemplate.csproj", "{BBAFD33E-1CF8-4AC4-9928-337E746947A6}"
EndProject
Project("{FAE04EC0-301F-11D3-BF4B-00C04F79EFBC}") = "CPFItemTemplate", "CPFItemTemplate\CPFItemTemplate.csproj", "{E0235FD9-93F9-44CC-A449-CB9E24E0D93B}"
EndProject
Project("{FAE04EC0-301F-11D3-BF4B-00C04F79EFBC}") = "CPFWindowTemplate", "CPFWindowTemplate\CPFWindowTemplate.csproj", "{79F0E685-FD16-4AE7-8DC8-3655FAA63ED2}"
EndProject
Project("{9A19103F-16F7-4668-BE54-9A1E7A4F7556}") = "CPF.Linux", "CPF.Linux\CPF.Linux.csproj", "{A91093C9-BFE6-4536-ADA1-E35F91C8AB37}"
EndProject
Project("{2150E333-8FDC-42A3-9474-1A3956D46DE8}") = "Template", "Template", "{1D98D556-38A7-4ED6-ACAD-697B5E0625DE}"
EndProject
Project("{FAE04EC0-301F-11D3-BF4B-00C04F79EFBC}") = "CPFProjectNetCore3AndNet4", "CPFProjectNetCore3AndNet4\CPFProjectNetCore3AndNet4.csproj", "{F5E89FCC-BF21-4664-B7A8-0740C4D1191C}"
EndProject
Project("{9A19103F-16F7-4668-BE54-9A1E7A4F7556}") = "CPF.Cef", "CPF.Cef\CPF.Cef.csproj", "{A0703482-DAAD-43F6-A39F-4326157C1ADC}"
EndProject
Project("{9A19103F-16F7-4668-BE54-9A1E7A4F7556}") = "CPF.Vlc", "CPF.Vlc\CPF.Vlc.csproj", "{B2A6696C-288D-44C2-A393-9DC3C7773C8F}"
EndProject
Project("{FAE04EC0-301F-11D3-BF4B-00C04F79EFBC}") = "CPF.Android", "CPF.Android\CPF.Android.csproj", "{6255E6D7-7EE3-4CB9-AF6C-F75B52341294}"
EndProject
Project("{9A19103F-16F7-4668-BE54-9A1E7A4F7556}") = "ClassLibrary1", "ClassLibrary1\ClassLibrary1.csproj", "{D1DF2CDD-E6B1-4844-B3DE-0F414091E972}"
EndProject
Project("{9A19103F-16F7-4668-BE54-9A1E7A4F7556}") = "NESPlayer", "NESPlayer\NESPlayer.csproj", "{CC00B3A6-7F84-4BDA-B8C9-915723F51207}"
EndProject
Project("{FAE04EC0-301F-11D3-BF4B-00C04F79EFBC}") = "AndroidTest", "AndroidTest\AndroidTest.csproj", "{C7338F66-2EAF-4F0A-9306-53232DD20501}"
EndProject
Project("{FAE04EC0-301F-11D3-BF4B-00C04F79EFBC}") = "CPFDesigner", "Private\CPFDesigner\CPFDesigner.csproj", "{DB53E8D7-DFB6-48EB-A7B6-D1CF762ACB9B}"
EndProject
Project("{2150E333-8FDC-42A3-9474-1A3956D46DE8}") = "Private", "Private", "{2B729C46-7592-425A-87E9-D769A94881F7}"
EndProject
Project("{9A19103F-16F7-4668-BE54-9A1E7A4F7556}") = "DesignerShared", "Private\DesignerShared\DesignerShared.csproj", "{431F48E7-CB1B-4161-99A7-5DB4B0A975B5}"
EndProject
Project("{9A19103F-16F7-4668-BE54-9A1E7A4F7556}") = "DesignerSurface", "Private\DesignerSurface\DesignerSurface.csproj", "{71FBFC1A-8EC8-4FD7-ADEB-07C56E1C9286}"
EndProject
Project("{9A19103F-16F7-4668-BE54-9A1E7A4F7556}") = "DeveloperTools", "Private\DeveloperTools\DeveloperTools.csproj", "{ED65F5A2-0459-49C6-B895-A6ABFF32C8B9}"
EndProject
Project("{9A19103F-16F7-4668-BE54-9A1E7A4F7556}") = "DeveloperUpdate", "Private\DeveloperUpdate\DeveloperUpdate.csproj", "{1278A1BC-327D-4D13-AD04-C6FF2B680530}"
EndProject
Project("{D954291E-2A0B-460D-934E-DC6B0785DB48}") = "SharedVSIX", "Private\SharedVSIX\SharedVSIX.shproj", "{F34CFFEE-546F-490E-A76A-2792840B284D}"
EndProject
Project("{FAE04EC0-301F-11D3-BF4B-00C04F79EFBC}") = "CPFDesigner2022", "Private\CPFDesigner2022\CPFDesigner2022.csproj", "{DF526631-D060-47F2-AFD4-62C6CEA2FE9A}"
EndProject
Project("{9A19103F-16F7-4668-BE54-9A1E7A4F7556}") = "CPF.Demo", "CPF_Demo\CPF.Demo.csproj", "{BBF891E9-1939-4EE9-A1C7-7654ED8601E1}"
EndProject
Project("{9A19103F-16F7-4668-BE54-9A1E7A4F7556}") = "蓝图重制版", "蓝图重制版\蓝图重制版.csproj", "{003E155A-8C40-41AF-A796-ED17E729E013}"
EndProject
Global
	GlobalSection(SharedMSBuildProjectFiles) = preSolution
		Private\SharedVSIX\SharedVSIX.projitems*{db53e8d7-dfb6-48eb-a7b6-d1cf762acb9b}*SharedItemsImports = 4
		Private\SharedVSIX\SharedVSIX.projitems*{df526631-d060-47f2-afd4-62c6cea2fe9a}*SharedItemsImports = 4
		Private\SharedVSIX\SharedVSIX.projitems*{f34cffee-546f-490e-a76a-2792840b284d}*SharedItemsImports = 13
	EndGlobalSection
	GlobalSection(SolutionConfigurationPlatforms) = preSolution
		Debug|Any CPU = Debug|Any CPU
		Release|Any CPU = Release|Any CPU
		类库d|Any CPU = 类库d|Any CPU
	EndGlobalSection
	GlobalSection(ProjectConfigurationPlatforms) = postSolution
		{ABE4ED47-CB9F-4183-9CE3-65E3E521BE2A}.Debug|Any CPU.ActiveCfg = Debug|Any CPU
		{ABE4ED47-CB9F-4183-9CE3-65E3E521BE2A}.Debug|Any CPU.Build.0 = Debug|Any CPU
		{ABE4ED47-CB9F-4183-9CE3-65E3E521BE2A}.Release|Any CPU.ActiveCfg = Release|Any CPU
		{ABE4ED47-CB9F-4183-9CE3-65E3E521BE2A}.Release|Any CPU.Build.0 = Release|Any CPU
		{ABE4ED47-CB9F-4183-9CE3-65E3E521BE2A}.类库d|Any CPU.ActiveCfg = Release|Any CPU
		{ABE4ED47-CB9F-4183-9CE3-65E3E521BE2A}.类库d|Any CPU.Build.0 = Release|Any CPU
		{5C1E41FD-FD6B-4107-B429-1DB7BD5C37D5}.Debug|Any CPU.ActiveCfg = Debug|Any CPU
		{5C1E41FD-FD6B-4107-B429-1DB7BD5C37D5}.Debug|Any CPU.Build.0 = Debug|Any CPU
		{5C1E41FD-FD6B-4107-B429-1DB7BD5C37D5}.Release|Any CPU.ActiveCfg = Release|Any CPU
		{5C1E41FD-FD6B-4107-B429-1DB7BD5C37D5}.Release|Any CPU.Build.0 = Release|Any CPU
		{5C1E41FD-FD6B-4107-B429-1DB7BD5C37D5}.类库d|Any CPU.ActiveCfg = Release|Any CPU
		{5C1E41FD-FD6B-4107-B429-1DB7BD5C37D5}.类库d|Any CPU.Build.0 = Release|Any CPU
		{47EB9FE8-4BAA-4789-ADBE-4D589DDED35D}.Debug|Any CPU.ActiveCfg = Debug|Any CPU
		{47EB9FE8-4BAA-4789-ADBE-4D589DDED35D}.Debug|Any CPU.Build.0 = Debug|Any CPU
		{47EB9FE8-4BAA-4789-ADBE-4D589DDED35D}.Release|Any CPU.ActiveCfg = Release|Any CPU
		{47EB9FE8-4BAA-4789-ADBE-4D589DDED35D}.Release|Any CPU.Build.0 = Release|Any CPU
		{47EB9FE8-4BAA-4789-ADBE-4D589DDED35D}.类库d|Any CPU.ActiveCfg = Release|Any CPU
		{47EB9FE8-4BAA-4789-ADBE-4D589DDED35D}.类库d|Any CPU.Build.0 = Release|Any CPU
		{E6495F31-7937-4A69-A915-834BFA1A031F}.Debug|Any CPU.ActiveCfg = Debug|Any CPU
		{E6495F31-7937-4A69-A915-834BFA1A031F}.Debug|Any CPU.Build.0 = Debug|Any CPU
		{E6495F31-7937-4A69-A915-834BFA1A031F}.Release|Any CPU.ActiveCfg = Release|Any CPU
		{E6495F31-7937-4A69-A915-834BFA1A031F}.Release|Any CPU.Build.0 = Release|Any CPU
		{E6495F31-7937-4A69-A915-834BFA1A031F}.类库d|Any CPU.ActiveCfg = Release|Any CPU
		{E6495F31-7937-4A69-A915-834BFA1A031F}.类库d|Any CPU.Build.0 = Release|Any CPU
		{2C544909-EAB9-43F8-85B0-C04E2453289E}.Debug|Any CPU.ActiveCfg = Debug|Any CPU
		{2C544909-EAB9-43F8-85B0-C04E2453289E}.Debug|Any CPU.Build.0 = Debug|Any CPU
		{2C544909-EAB9-43F8-85B0-C04E2453289E}.Release|Any CPU.ActiveCfg = Release|Any CPU
		{2C544909-EAB9-43F8-85B0-C04E2453289E}.Release|Any CPU.Build.0 = Release|Any CPU
		{2C544909-EAB9-43F8-85B0-C04E2453289E}.类库d|Any CPU.ActiveCfg = Release|Any CPU
		{2C544909-EAB9-43F8-85B0-C04E2453289E}.类库d|Any CPU.Build.0 = Release|Any CPU
		{C63692AB-1CA6-4416-AB5C-9D71D1E3FC66}.Debug|Any CPU.ActiveCfg = Debug|Any CPU
		{C63692AB-1CA6-4416-AB5C-9D71D1E3FC66}.Debug|Any CPU.Build.0 = Debug|Any CPU
		{C63692AB-1CA6-4416-AB5C-9D71D1E3FC66}.Release|Any CPU.ActiveCfg = Release|Any CPU
		{C63692AB-1CA6-4416-AB5C-9D71D1E3FC66}.Release|Any CPU.Build.0 = Release|Any CPU
		{C63692AB-1CA6-4416-AB5C-9D71D1E3FC66}.类库d|Any CPU.ActiveCfg = Release|Any CPU
		{C63692AB-1CA6-4416-AB5C-9D71D1E3FC66}.类库d|Any CPU.Build.0 = Release|Any CPU
		{BBAFD33E-1CF8-4AC4-9928-337E746947A6}.Debug|Any CPU.ActiveCfg = Debug|Any CPU
		{BBAFD33E-1CF8-4AC4-9928-337E746947A6}.Debug|Any CPU.Build.0 = Debug|Any CPU
		{BBAFD33E-1CF8-4AC4-9928-337E746947A6}.Release|Any CPU.ActiveCfg = Release|Any CPU
		{BBAFD33E-1CF8-4AC4-9928-337E746947A6}.Release|Any CPU.Build.0 = Release|Any CPU
		{BBAFD33E-1CF8-4AC4-9928-337E746947A6}.类库d|Any CPU.ActiveCfg = Release|Any CPU
		{BBAFD33E-1CF8-4AC4-9928-337E746947A6}.类库d|Any CPU.Build.0 = Release|Any CPU
		{E0235FD9-93F9-44CC-A449-CB9E24E0D93B}.Debug|Any CPU.ActiveCfg = Debug|Any CPU
		{E0235FD9-93F9-44CC-A449-CB9E24E0D93B}.Debug|Any CPU.Build.0 = Debug|Any CPU
		{E0235FD9-93F9-44CC-A449-CB9E24E0D93B}.Release|Any CPU.ActiveCfg = Release|Any CPU
		{E0235FD9-93F9-44CC-A449-CB9E24E0D93B}.Release|Any CPU.Build.0 = Release|Any CPU
		{E0235FD9-93F9-44CC-A449-CB9E24E0D93B}.类库d|Any CPU.ActiveCfg = Release|Any CPU
		{E0235FD9-93F9-44CC-A449-CB9E24E0D93B}.类库d|Any CPU.Build.0 = Release|Any CPU
		{79F0E685-FD16-4AE7-8DC8-3655FAA63ED2}.Debug|Any CPU.ActiveCfg = Debug|Any CPU
		{79F0E685-FD16-4AE7-8DC8-3655FAA63ED2}.Debug|Any CPU.Build.0 = Debug|Any CPU
		{79F0E685-FD16-4AE7-8DC8-3655FAA63ED2}.Release|Any CPU.ActiveCfg = Release|Any CPU
		{79F0E685-FD16-4AE7-8DC8-3655FAA63ED2}.Release|Any CPU.Build.0 = Release|Any CPU
		{79F0E685-FD16-4AE7-8DC8-3655FAA63ED2}.类库d|Any CPU.ActiveCfg = Release|Any CPU
		{79F0E685-FD16-4AE7-8DC8-3655FAA63ED2}.类库d|Any CPU.Build.0 = Release|Any CPU
		{A91093C9-BFE6-4536-ADA1-E35F91C8AB37}.Debug|Any CPU.ActiveCfg = Debug|Any CPU
		{A91093C9-BFE6-4536-ADA1-E35F91C8AB37}.Debug|Any CPU.Build.0 = Debug|Any CPU
		{A91093C9-BFE6-4536-ADA1-E35F91C8AB37}.Release|Any CPU.ActiveCfg = Release|Any CPU
		{A91093C9-BFE6-4536-ADA1-E35F91C8AB37}.Release|Any CPU.Build.0 = Release|Any CPU
		{A91093C9-BFE6-4536-ADA1-E35F91C8AB37}.类库d|Any CPU.ActiveCfg = Release|Any CPU
		{A91093C9-BFE6-4536-ADA1-E35F91C8AB37}.类库d|Any CPU.Build.0 = Release|Any CPU
		{F5E89FCC-BF21-4664-B7A8-0740C4D1191C}.Debug|Any CPU.ActiveCfg = Debug|Any CPU
		{F5E89FCC-BF21-4664-B7A8-0740C4D1191C}.Debug|Any CPU.Build.0 = Debug|Any CPU
		{F5E89FCC-BF21-4664-B7A8-0740C4D1191C}.Release|Any CPU.ActiveCfg = Release|Any CPU
		{F5E89FCC-BF21-4664-B7A8-0740C4D1191C}.Release|Any CPU.Build.0 = Release|Any CPU
		{F5E89FCC-BF21-4664-B7A8-0740C4D1191C}.类库d|Any CPU.ActiveCfg = Release|Any CPU
		{F5E89FCC-BF21-4664-B7A8-0740C4D1191C}.类库d|Any CPU.Build.0 = Release|Any CPU
		{A0703482-DAAD-43F6-A39F-4326157C1ADC}.Debug|Any CPU.ActiveCfg = Debug|Any CPU
		{A0703482-DAAD-43F6-A39F-4326157C1ADC}.Debug|Any CPU.Build.0 = Debug|Any CPU
		{A0703482-DAAD-43F6-A39F-4326157C1ADC}.Release|Any CPU.ActiveCfg = Release|Any CPU
		{A0703482-DAAD-43F6-A39F-4326157C1ADC}.Release|Any CPU.Build.0 = Release|Any CPU
		{A0703482-DAAD-43F6-A39F-4326157C1ADC}.类库d|Any CPU.ActiveCfg = Release|Any CPU
		{A0703482-DAAD-43F6-A39F-4326157C1ADC}.类库d|Any CPU.Build.0 = Release|Any CPU
		{B2A6696C-288D-44C2-A393-9DC3C7773C8F}.Debug|Any CPU.ActiveCfg = Debug|Any CPU
		{B2A6696C-288D-44C2-A393-9DC3C7773C8F}.Debug|Any CPU.Build.0 = Debug|Any CPU
		{B2A6696C-288D-44C2-A393-9DC3C7773C8F}.Release|Any CPU.ActiveCfg = Release|Any CPU
		{B2A6696C-288D-44C2-A393-9DC3C7773C8F}.Release|Any CPU.Build.0 = Release|Any CPU
		{B2A6696C-288D-44C2-A393-9DC3C7773C8F}.类库d|Any CPU.ActiveCfg = Release|Any CPU
		{B2A6696C-288D-44C2-A393-9DC3C7773C8F}.类库d|Any CPU.Build.0 = Release|Any CPU
		{6255E6D7-7EE3-4CB9-AF6C-F75B52341294}.Debug|Any CPU.ActiveCfg = Debug|Any CPU
		{6255E6D7-7EE3-4CB9-AF6C-F75B52341294}.Debug|Any CPU.Build.0 = Debug|Any CPU
		{6255E6D7-7EE3-4CB9-AF6C-F75B52341294}.Release|Any CPU.ActiveCfg = Release|Any CPU
		{6255E6D7-7EE3-4CB9-AF6C-F75B52341294}.Release|Any CPU.Build.0 = Release|Any CPU
		{6255E6D7-7EE3-4CB9-AF6C-F75B52341294}.类库d|Any CPU.ActiveCfg = Release|Any CPU
		{6255E6D7-7EE3-4CB9-AF6C-F75B52341294}.类库d|Any CPU.Build.0 = Release|Any CPU
		{D1DF2CDD-E6B1-4844-B3DE-0F414091E972}.Debug|Any CPU.ActiveCfg = Debug|Any CPU
		{D1DF2CDD-E6B1-4844-B3DE-0F414091E972}.Debug|Any CPU.Build.0 = Debug|Any CPU
		{D1DF2CDD-E6B1-4844-B3DE-0F414091E972}.Release|Any CPU.ActiveCfg = Release|Any CPU
		{D1DF2CDD-E6B1-4844-B3DE-0F414091E972}.Release|Any CPU.Build.0 = Release|Any CPU
		{D1DF2CDD-E6B1-4844-B3DE-0F414091E972}.类库d|Any CPU.ActiveCfg = Release|Any CPU
		{D1DF2CDD-E6B1-4844-B3DE-0F414091E972}.类库d|Any CPU.Build.0 = Release|Any CPU
		{CC00B3A6-7F84-4BDA-B8C9-915723F51207}.Debug|Any CPU.ActiveCfg = Debug|Any CPU
		{CC00B3A6-7F84-4BDA-B8C9-915723F51207}.Debug|Any CPU.Build.0 = Debug|Any CPU
		{CC00B3A6-7F84-4BDA-B8C9-915723F51207}.Release|Any CPU.ActiveCfg = Release|Any CPU
		{CC00B3A6-7F84-4BDA-B8C9-915723F51207}.Release|Any CPU.Build.0 = Release|Any CPU
		{CC00B3A6-7F84-4BDA-B8C9-915723F51207}.类库d|Any CPU.ActiveCfg = Release|Any CPU
		{CC00B3A6-7F84-4BDA-B8C9-915723F51207}.类库d|Any CPU.Build.0 = Release|Any CPU
		{C7338F66-2EAF-4F0A-9306-53232DD20501}.Debug|Any CPU.ActiveCfg = Debug|Any CPU
		{C7338F66-2EAF-4F0A-9306-53232DD20501}.Debug|Any CPU.Build.0 = Debug|Any CPU
		{C7338F66-2EAF-4F0A-9306-53232DD20501}.Debug|Any CPU.Deploy.0 = Debug|Any CPU
		{C7338F66-2EAF-4F0A-9306-53232DD20501}.Release|Any CPU.ActiveCfg = Release|Any CPU
		{C7338F66-2EAF-4F0A-9306-53232DD20501}.Release|Any CPU.Build.0 = Release|Any CPU
		{C7338F66-2EAF-4F0A-9306-53232DD20501}.Release|Any CPU.Deploy.0 = Release|Any CPU
		{C7338F66-2EAF-4F0A-9306-53232DD20501}.类库d|Any CPU.ActiveCfg = Release|Any CPU
		{C7338F66-2EAF-4F0A-9306-53232DD20501}.类库d|Any CPU.Build.0 = Release|Any CPU
		{C7338F66-2EAF-4F0A-9306-53232DD20501}.类库d|Any CPU.Deploy.0 = Release|Any CPU
		{DB53E8D7-DFB6-48EB-A7B6-D1CF762ACB9B}.Debug|Any CPU.ActiveCfg = Debug|Any CPU
		{DB53E8D7-DFB6-48EB-A7B6-D1CF762ACB9B}.Debug|Any CPU.Build.0 = Debug|Any CPU
		{DB53E8D7-DFB6-48EB-A7B6-D1CF762ACB9B}.Release|Any CPU.ActiveCfg = Release|Any CPU
		{DB53E8D7-DFB6-48EB-A7B6-D1CF762ACB9B}.Release|Any CPU.Build.0 = Release|Any CPU
		{DB53E8D7-DFB6-48EB-A7B6-D1CF762ACB9B}.类库d|Any CPU.ActiveCfg = Release|Any CPU
		{DB53E8D7-DFB6-48EB-A7B6-D1CF762ACB9B}.类库d|Any CPU.Build.0 = Release|Any CPU
		{431F48E7-CB1B-4161-99A7-5DB4B0A975B5}.Debug|Any CPU.ActiveCfg = Debug|Any CPU
		{431F48E7-CB1B-4161-99A7-5DB4B0A975B5}.Debug|Any CPU.Build.0 = Debug|Any CPU
		{431F48E7-CB1B-4161-99A7-5DB4B0A975B5}.Release|Any CPU.ActiveCfg = Release|Any CPU
		{431F48E7-CB1B-4161-99A7-5DB4B0A975B5}.Release|Any CPU.Build.0 = Release|Any CPU
		{431F48E7-CB1B-4161-99A7-5DB4B0A975B5}.类库d|Any CPU.ActiveCfg = Release|Any CPU
		{431F48E7-CB1B-4161-99A7-5DB4B0A975B5}.类库d|Any CPU.Build.0 = Release|Any CPU
		{71FBFC1A-8EC8-4FD7-ADEB-07C56E1C9286}.Debug|Any CPU.ActiveCfg = Debug|Any CPU
		{71FBFC1A-8EC8-4FD7-ADEB-07C56E1C9286}.Debug|Any CPU.Build.0 = Debug|Any CPU
		{71FBFC1A-8EC8-4FD7-ADEB-07C56E1C9286}.Release|Any CPU.ActiveCfg = Release|Any CPU
		{71FBFC1A-8EC8-4FD7-ADEB-07C56E1C9286}.Release|Any CPU.Build.0 = Release|Any CPU
		{71FBFC1A-8EC8-4FD7-ADEB-07C56E1C9286}.类库d|Any CPU.ActiveCfg = Release|Any CPU
		{71FBFC1A-8EC8-4FD7-ADEB-07C56E1C9286}.类库d|Any CPU.Build.0 = Release|Any CPU
		{ED65F5A2-0459-49C6-B895-A6ABFF32C8B9}.Debug|Any CPU.ActiveCfg = Debug|Any CPU
		{ED65F5A2-0459-49C6-B895-A6ABFF32C8B9}.Debug|Any CPU.Build.0 = Debug|Any CPU
		{ED65F5A2-0459-49C6-B895-A6ABFF32C8B9}.Release|Any CPU.ActiveCfg = Release|Any CPU
		{ED65F5A2-0459-49C6-B895-A6ABFF32C8B9}.Release|Any CPU.Build.0 = Release|Any CPU
		{ED65F5A2-0459-49C6-B895-A6ABFF32C8B9}.类库d|Any CPU.ActiveCfg = Release|Any CPU
		{ED65F5A2-0459-49C6-B895-A6ABFF32C8B9}.类库d|Any CPU.Build.0 = Release|Any CPU
		{1278A1BC-327D-4D13-AD04-C6FF2B680530}.Debug|Any CPU.ActiveCfg = Debug|Any CPU
		{1278A1BC-327D-4D13-AD04-C6FF2B680530}.Debug|Any CPU.Build.0 = Debug|Any CPU
		{1278A1BC-327D-4D13-AD04-C6FF2B680530}.Release|Any CPU.ActiveCfg = Release|Any CPU
		{1278A1BC-327D-4D13-AD04-C6FF2B680530}.Release|Any CPU.Build.0 = Release|Any CPU
		{1278A1BC-327D-4D13-AD04-C6FF2B680530}.类库d|Any CPU.ActiveCfg = Release|Any CPU
		{1278A1BC-327D-4D13-AD04-C6FF2B680530}.类库d|Any CPU.Build.0 = Release|Any CPU
		{DF526631-D060-47F2-AFD4-62C6CEA2FE9A}.Debug|Any CPU.ActiveCfg = Debug|Any CPU
		{DF526631-D060-47F2-AFD4-62C6CEA2FE9A}.Debug|Any CPU.Build.0 = Debug|Any CPU
		{DF526631-D060-47F2-AFD4-62C6CEA2FE9A}.Release|Any CPU.ActiveCfg = Release|Any CPU
		{DF526631-D060-47F2-AFD4-62C6CEA2FE9A}.Release|Any CPU.Build.0 = Release|Any CPU
		{DF526631-D060-47F2-AFD4-62C6CEA2FE9A}.类库d|Any CPU.ActiveCfg = Release|Any CPU
		{DF526631-D060-47F2-AFD4-62C6CEA2FE9A}.类库d|Any CPU.Build.0 = Release|Any CPU
		{BBF891E9-1939-4EE9-A1C7-7654ED8601E1}.Debug|Any CPU.ActiveCfg = Debug|Any CPU
		{BBF891E9-1939-4EE9-A1C7-7654ED8601E1}.Debug|Any CPU.Build.0 = Debug|Any CPU
		{BBF891E9-1939-4EE9-A1C7-7654ED8601E1}.Release|Any CPU.ActiveCfg = Release|Any CPU
		{BBF891E9-1939-4EE9-A1C7-7654ED8601E1}.Release|Any CPU.Build.0 = Release|Any CPU
		{BBF891E9-1939-4EE9-A1C7-7654ED8601E1}.类库d|Any CPU.ActiveCfg = Release|Any CPU
		{BBF891E9-1939-4EE9-A1C7-7654ED8601E1}.类库d|Any CPU.Build.0 = Release|Any CPU
		{003E155A-8C40-41AF-A796-ED17E729E013}.Debug|Any CPU.ActiveCfg = Debug|Any CPU
		{003E155A-8C40-41AF-A796-ED17E729E013}.Debug|Any CPU.Build.0 = Debug|Any CPU
		{003E155A-8C40-41AF-A796-ED17E729E013}.Release|Any CPU.ActiveCfg = Release|Any CPU
		{003E155A-8C40-41AF-A796-ED17E729E013}.Release|Any CPU.Build.0 = Release|Any CPU
		{003E155A-8C40-41AF-A796-ED17E729E013}.类库d|Any CPU.ActiveCfg = 类库d|Any CPU
		{003E155A-8C40-41AF-A796-ED17E729E013}.类库d|Any CPU.Build.0 = 类库d|Any CPU
	EndGlobalSection
	GlobalSection(SolutionProperties) = preSolution
		HideSolutionNode = FALSE
	EndGlobalSection
	GlobalSection(NestedProjects) = preSolution
		{BBAFD33E-1CF8-4AC4-9928-337E746947A6} = {1D98D556-38A7-4ED6-ACAD-697B5E0625DE}
		{E0235FD9-93F9-44CC-A449-CB9E24E0D93B} = {1D98D556-38A7-4ED6-ACAD-697B5E0625DE}
		{79F0E685-FD16-4AE7-8DC8-3655FAA63ED2} = {1D98D556-38A7-4ED6-ACAD-697B5E0625DE}
		{F5E89FCC-BF21-4664-B7A8-0740C4D1191C} = {1D98D556-38A7-4ED6-ACAD-697B5E0625DE}
		{DB53E8D7-DFB6-48EB-A7B6-D1CF762ACB9B} = {2B729C46-7592-425A-87E9-D769A94881F7}
		{431F48E7-CB1B-4161-99A7-5DB4B0A975B5} = {2B729C46-7592-425A-87E9-D769A94881F7}
		{71FBFC1A-8EC8-4FD7-ADEB-07C56E1C9286} = {2B729C46-7592-425A-87E9-D769A94881F7}
		{ED65F5A2-0459-49C6-B895-A6ABFF32C8B9} = {2B729C46-7592-425A-87E9-D769A94881F7}
		{1278A1BC-327D-4D13-AD04-C6FF2B680530} = {2B729C46-7592-425A-87E9-D769A94881F7}
		{F34CFFEE-546F-490E-A76A-2792840B284D} = {2B729C46-7592-425A-87E9-D769A94881F7}
		{DF526631-D060-47F2-AFD4-62C6CEA2FE9A} = {2B729C46-7592-425A-87E9-D769A94881F7}
	EndGlobalSection
EndGlobal
